// !$*UTF8*$!
{
	archiveVersion = 1;
	classes = {
	};
	objectVersion = 46;
	objects = {

/* Begin PBXBuildFile section */
		C574F23C1E59CD04005F005E /* AppDelegate.swift in Sources */ = {isa = PBXBuildFile; fileRef = C574F23B1E59CD04005F005E /* AppDelegate.swift */; };
		C574F23E1E59CD04005F005E /* art.scnassets in Resources */ = {isa = PBXBuildFile; fileRef = C574F23D1E59CD04005F005E /* art.scnassets */; };
		C574F2401E59CD04005F005E /* GameViewController.swift in Sources */ = {isa = PBXBuildFile; fileRef = C574F23F1E59CD04005F005E /* GameViewController.swift */; };
		C574F2431E59CD04005F005E /* Main.storyboard in Resources */ = {isa = PBXBuildFile; fileRef = C574F2411E59CD04005F005E /* Main.storyboard */; };
		C574F2451E59CD04005F005E /* Assets.xcassets in Resources */ = {isa = PBXBuildFile; fileRef = C574F2441E59CD04005F005E /* Assets.xcassets */; };
		C574F2481E59CD04005F005E /* LaunchScreen.storyboard in Resources */ = {isa = PBXBuildFile; fileRef = C574F2461E59CD04005F005E /* LaunchScreen.storyboard */; };
/* End PBXBuildFile section */

/* Begin PBXFileReference section */
		C574F2381E59CD04005F005E /* playSource2.app */ = {isa = PBXFileReference; explicitFileType = wrapper.application; includeInIndex = 0; path = playSource2.app; sourceTree = BUILT_PRODUCTS_DIR; };
		C574F23B1E59CD04005F005E /* AppDelegate.swift */ = {isa = PBXFileReference; lastKnownFileType = sourcecode.swift; path = AppDelegate.swift; sourceTree = "<group>"; };
		C574F23D1E59CD04005F005E /* art.scnassets */ = {isa = PBXFileReference; lastKnownFileType = wrapper.scnassets; path = art.scnassets; sourceTree = "<group>"; };
		C574F23F1E59CD04005F005E /* GameViewController.swift */ = {isa = PBXFileReference; lastKnownFileType = sourcecode.swift; path = GameViewController.swift; sourceTree = "<group>"; };
		C574F2421E59CD04005F005E /* Base */ = {isa = PBXFileReference; lastKnownFileType = file.storyboard; name = Base; path = Base.lproj/Main.storyboard; sourceTree = "<group>"; };
		C574F2441E59CD04005F005E /* Assets.xcassets */ = {isa = PBXFileReference; lastKnownFileType = folder.assetcatalog; path = Assets.xcassets; sourceTree = "<group>"; };
		C574F2471E59CD04005F005E /* Base */ = {isa = PBXFileReference; lastKnownFileType = file.storyboard; name = Base; path = Base.lproj/LaunchScreen.storyboard; sourceTree = "<group>"; };
		C574F2491E59CD04005F005E /* Info.plist */ = {isa = PBXFileReference; lastKnownFileType = text.plist.xml; path = Info.plist; sourceTree = "<group>"; };
/* End PBXFileReference section */

/* Begin PBXFrameworksBuildPhase section */
		C574F2351E59CD04005F005E /* Frameworks */ = {
			isa = PBXFrameworksBuildPhase;
			buildActionMask = 2147483647;
			files = (
			);
			runOnlyForDeploymentPostprocessing = 0;
		};
/* End PBXFrameworksBuildPhase section */

/* Begin PBXGroup section */
		C574F22F1E59CD04005F005E = {
			isa = PBXGroup;
			children = (
				C574F23A1E59CD04005F005E /* playSource2 */,
				C574F2391E59CD04005F005E /* Products */,
			);
			sourceTree = "<group>";
		};
		C574F2391E59CD04005F005E /* Products */ = {
			isa = PBXGroup;
			children = (
				C574F2381E59CD04005F005E /* playSource2.app */,
			);
			name = Products;
			sourceTree = "<group>";
		};
		C574F23A1E59CD04005F005E /* playSource2 */ = {
			isa = PBXGroup;
			children = (
				C574F23B1E59CD04005F005E /* AppDelegate.swift */,
				C574F23D1E59CD04005F005E /* art.scnassets */,
				C574F23F1E59CD04005F005E /* GameViewController.swift */,
				C574F2411E59CD04005F005E /* Main.storyboard */,
				C574F2441E59CD04005F005E /* Assets.xcassets */,
				C574F2461E59CD04005F005E /* LaunchScreen.storyboard */,
				C574F2491E59CD04005F005E /* Info.plist */,
			);
			path = playSource2;
			sourceTree = "<group>";
		};
/* End PBXGroup section */

/* Begin PBXNativeTarget section */
		C574F2371E59CD04005F005E /* playSource2 */ = {
			isa = PBXNativeTarget;
			buildConfigurationList = C574F24C1E59CD05005F005E /* Build configuration list for PBXNativeTarget "playSource2" */;
			buildPhases = (
				C574F2341E59CD04005F005E /* Sources */,
				C574F2351E59CD04005F005E /* Frameworks */,
				C574F2361E59CD04005F005E /* Resources */,
			);
			buildRules = (
			);
			dependencies = (
			);
			name = playSource2;
			productName = playSource2;
			productReference = C574F2381E59CD04005F005E /* playSource2.app */;
			productType = "com.apple.product-type.application";
		};
/* End PBXNativeTarget section */

/* Begin PBXProject section */
		C574F2301E59CD04005F005E /* Project object */ = {
			isa = PBXProject;
			attributes = {
				LastSwiftUpdateCheck = 0820;
				LastUpgradeCheck = 0820;
				ORGANIZATIONNAME = "Hao Dong";
				TargetAttributes = {
					C574F2371E59CD04005F005E = {
						CreatedOnToolsVersion = 8.2.1;
						DevelopmentTeam = S38PJCF5P8;
						ProvisioningStyle = Automatic;
					};
				};
			};
			buildConfigurationList = C574F2331E59CD04005F005E /* Build configuration list for PBXProject "playSource2" */;
			compatibilityVersion = "Xcode 3.2";
			developmentRegion = English;
			hasScannedForEncodings = 0;
			knownRegions = (
				en,
				Base,
			);
			mainGroup = C574F22F1E59CD04005F005E;
			productRefGroup = C574F2391E59CD04005F005E /* Products */;
			projectDirPath = "";
			projectRoot = "";
			targets = (
				C574F2371E59CD04005F005E /* playSource2 */,
			);
		};
/* End PBXProject section */

/* Begin PBXResourcesBuildPhase section */
		C574F2361E59CD04005F005E /* Resources */ = {
			isa = PBXResourcesBuildPhase;
			buildActionMask = 2147483647;
			files = (
				C574F23E1E59CD04005F005E /* art.scnassets in Resources */,
				C574F2481E59CD04005F005E /* LaunchScreen.storyboard in Resources */,
				C574F2451E59CD04005F005E /* Assets.xcassets in Resources */,
				C574F2431E59CD04005F005E /* Main.storyboard in Resources */,
			);
			runOnlyForDeploymentPostprocessing = 0;
		};
/* End PBXResourcesBuildPhase section */

/* Begin PBXSourcesBuildPhase section */
		C574F2341E59CD04005F005E /* Sources */ = {
			isa = PBXSourcesBuildPhase;
			buildActionMask = 2147483647;
			files = (
				C574F2401E59CD04005F005E /* GameViewController.swift in Sources */,
				C574F23C1E59CD04005F005E /* AppDelegate.swift in Sources */,
			);
			runOnlyForDeploymentPostprocessing = 0;
		};
/* End PBXSourcesBuildPhase section */

/* Begin PBXVariantGroup section */
		C574F2411E59CD04005F005E /* Main.storyboard */ = {
			isa = PBXVariantGroup;
			children = (
				C574F2421E59CD04005F005E /* Base */,
			);
			name = Main.storyboard;
			sourceTree = "<group>";
		};
		C574F2461E59CD04005F005E /* LaunchScreen.storyboard */ = {
			isa = PBXVariantGroup;
			children = (
				C574F2471E59CD04005F005E /* Base */,
			);
			name = LaunchScreen.storyboard;
			sourceTree = "<group>";
		};
/* End PBXVariantGroup section */

/* Begin XCBuildConfiguration section */
		C574F24A1E59CD05005F005E /* Debug */ = {
			isa = XCBuildConfiguration;
			buildSettings = {
				ALWAYS_SEARCH_USER_PATHS = NO;
				CLANG_ANALYZER_NONNULL = YES;
				CLANG_CXX_LANGUAGE_STANDARD = "gnu++0x";
				CLANG_CXX_LIBRARY = "libc++";
				CLANG_ENABLE_MODULES = YES;
				CLANG_ENABLE_OBJC_ARC = YES;
				CLANG_WARN_BOOL_CONVERSION = YES;
				CLANG_WARN_CONSTANT_CONVERSION = YES;
				CLANG_WARN_DIRECT_OBJC_ISA_USAGE = YES_ERROR;
				CLANG_WARN_DOCUMENTATION_COMMENTS = YES;
				CLANG_WARN_EMPTY_BODY = YES;
				CLANG_WARN_ENUM_CONVERSION = YES;
				CLANG_WARN_INFINITE_RECURSION = YES;
				CLANG_WARN_INT_CONVERSION = YES;
				CLANG_WARN_OBJC_ROOT_CLASS = YES_ERROR;
				CLANG_WARN_SUSPICIOUS_MOVE = YES;
				CLANG_WARN_UNREACHABLE_CODE = YES;
				CLANG_WARN__DUPLICATE_METHOD_MATCH = YES;
				"CODE_SIGN_IDENTITY[sdk=iphoneos*]" = "iPhone Developer";
				COPY_PHASE_STRIP = NO;
				DEBUG_INFORMATION_FORMAT = dwarf;
				ENABLE_STRICT_OBJC_MSGSEND = YES;
				ENABLE_TESTABILITY = YES;
				GCC_C_LANGUAGE_STANDARD = gnu99;
				GCC_DYNAMIC_NO_PIC = NO;
				GCC_NO_COMMON_BLOCKS = YES;
				GCC_OPTIMIZATION_LEVEL = 0;
				GCC_PREPROCESSOR_DEFINITIONS = (
					"DEBUG=1",
					"$(inherited)",
				);
				GCC_WARN_64_TO_32_BIT_CONVERSION = YES;
				GCC_WARN_ABOUT_RETURN_TYPE = YES_ERROR;
				GCC_WARN_UNDECLARED_SELECTOR = YES;
				GCC_WARN_UNINITIALIZED_AUTOS = YES_AGGRESSIVE;
				GCC_WARN_UNUSED_FUNCTION = YES;
				GCC_WARN_UNUSED_VARIABLE = YES;
				IPHONEOS_DEPLOYMENT_TARGET = 10.2;
				MTL_ENABLE_DEBUG_INFO = YES;
				ONLY_ACTIVE_ARCH = YES;
				SDKROOT = iphoneos;
				SWIFT_ACTIVE_COMPILATION_CONDITIONS = DEBUG;
				SWIFT_OPTIMIZATION_LEVEL = "-Onone";
				TARGETED_DEVICE_FAMILY = "1,2";
			};
			name = Debug;
		};
		C574F24B1E59CD05005F005E /* Release */ = {
			isa = XCBuildConfiguration;
			buildSettings = {
				ALWAYS_SEARCH_USER_PATHS = NO;
				CLANG_ANALYZER_NONNULL = YES;
				CLANG_CXX_LANGUAGE_STANDARD = "gnu++0x";
				CLANG_CXX_LIBRARY = "libc++";
				CLANG_ENABLE_MODULES = YES;
				CLANG_ENABLE_OBJC_ARC = YES;
				CLANG_WARN_BOOL_CONVERSION = YES;
				CLANG_WARN_CONSTANT_CONVERSION = YES;
				CLANG_WARN_DIRECT_OBJC_ISA_USAGE = YES_ERROR;
				CLANG_WARN_DOCUMENTATION_COMMENTS = YES;
				CLANG_WARN_EMPTY_BODY = YES;
				CLANG_WARN_ENUM_CONVERSION = YES;
				CLANG_WARN_INFINITE_RECURSION = YES;
				CLANG_WARN_INT_CONVERSION = YES;
				CLANG_WARN_OBJC_ROOT_CLASS = YES_ERROR;
				CLANG_WARN_SUSPICIOUS_MOVE = YES;
				CLANG_WARN_UNREACHABLE_CODE = YES;
				CLANG_WARN__DUPLICATE_METHOD_MATCH = YES;
				"CODE_SIGN_IDENTITY[sdk=iphoneos*]" = "iPhone Developer";
				COPY_PHASE_STRIP = NO;
				DEBUG_INFORMATION_FORMAT = "dwarf-with-dsym";
				ENABLE_NS_ASSERTIONS = NO;
				ENABLE_STRICT_OBJC_MSGSEND = YES;
				GCC_C_LANGUAGE_STANDARD = gnu99;
				GCC_NO_COMMON_BLOCKS = YES;
				GCC_WARN_64_TO_32_BIT_CONVERSION = YES;
				GCC_WARN_ABOUT_RETURN_TYPE = YES_ERROR;
				GCC_WARN_UNDECLARED_SELECTOR = YES;
				GCC_WARN_UNINITIALIZED_AUTOS = YES_AGGRESSIVE;
				GCC_WARN_UNUSED_FUNCTION = YES;
				GCC_WARN_UNUSED_VARIABLE = YES;
				IPHONEOS_DEPLOYMENT_TARGET = 10.2;
				MTL_ENABLE_DEBUG_INFO = NO;
				SDKROOT = iphoneos;
				SWIFT_OPTIMIZATION_LEVEL = "-Owholemodule";
				TARGETED_DEVICE_FAMILY = "1,2";
				VALIDATE_PRODUCT = YES;
			};
			name = Release;
		};
		C574F24D1E59CD05005F005E /* Debug */ = {
			isa = XCBuildConfiguration;
			buildSettings = {
				ASSETCATALOG_COMPILER_APPICON_NAME = AppIcon;
				DEVELOPMENT_TEAM = S38PJCF5P8;
				INFOPLIST_FILE = playSource2/Info.plist;
				LD_RUNPATH_SEARCH_PATHS = "$(inherited) @executable_path/Frameworks";
				PRODUCT_BUNDLE_IDENTIFIER = com.scauos.playSource2;
				PRODUCT_NAME = "$(TARGET_NAME)";
				SWIFT_VERSION = 3.0;
			};
			name = Debug;
		};
		C574F24E1E59CD05005F005E /* Release */ = {
			isa = XCBuildConfiguration;
			buildSettings = {
				ASSETCATALOG_COMPILER_APPICON_NAME = AppIcon;
				DEVELOPMENT_TEAM = S38PJCF5P8;
				INFOPLIST_FILE = playSource2/Info.plist;
				LD_RUNPATH_SEARCH_PATHS = "$(inherited) @executable_path/Frameworks";
				PRODUCT_BUNDLE_IDENTIFIER = com.scauos.playSource2;
				PRODUCT_NAME = "$(TARGET_NAME)";
				SWIFT_VERSION = 3.0;
			};
			name = Release;
		};
/* End XCBuildConfiguration section */

/* Begin XCConfigurationList section */
		C574F2331E59CD04005F005E /* Build configuration list for PBXProject "playSource2" */ = {
			isa = XCConfigurationList;
			buildConfigurations = (
				C574F24A1E59CD05005F005E /* Debug */,
				C574F24B1E59CD05005F005E /* Release */,
			);
			defaultConfigurationIsVisible = 0;
			defaultConfigurationName = Release;
		};
		C574F24C1E59CD05005F005E /* Build configuration list for PBXNativeTarget "playSource2" */ = {
			isa = XCConfigurationList;
			buildConfigurations = (
				C574F24D1E59CD05005F005E /* Debug */,
				C574F24E1E59CD05005F005E /* Release */,
			);
			defaultConfigurationIsVisible = 0;
		};
/* End XCConfigurationList section */
	};
	rootObject = C574F2301E59CD04005F005E /* Project object */;
}
